
Microsoft Visual Studio Solution File, Format Version 12.00
# Visual Studio Version 17
VisualStudioVersion = 17.8.34330.188
MinimumVisualStudioVersion = 10.0.40219.1
Project("{FAE04EC0-301F-11D3-BF4B-00C04F79EFBC}") = "EP3", "EP3.csproj", "{734D3970-8F8E-4F45-BF1C-F520A7A940AC}"
EndProject
Global
	GlobalSection(SolutionConfigurationPlatforms) = preSolution
		Debug|Any CPU = Debug|Any CPU
		Release|Any CPU = Release|Any CPU
	EndGlobalSection
	GlobalSection(ProjectConfigurationPlatforms) = postSolution
		{734D3970-8F8E-4F45-BF1C-F520A7A940AC}.Debug|Any CPU.ActiveCfg = Debug|Any CPU
		{734D3970-8F8E-4F45-BF1C-F520A7A940AC}.Debug|Any CPU.Build.0 = Debug|Any CPU
		{734D3970-8F8E-4F45-BF1C-F520A7A940AC}.Release|Any CPU.ActiveCfg = Release|Any CPU
		{734D3970-8F8E-4F45-BF1C-F520A7A940AC}.Release|Any CPU.Build.0 = Release|Any CPU
	EndGlobalSection
	GlobalSection(SolutionProperties) = preSolution
		HideSolutionNode = FALSE
	EndGlobalSection
	GlobalSection(ExtensibilityGlobals) = postSolution
		SolutionGuid = {2C66B456-821D-41F4-9228-D81F7607ED90}
	EndGlobalSection
EndGlobal
